
Microsoft Visual Studio Solution File, Format Version 12.00
# Visual Studio Version 17
VisualStudioVersion = 17.4.33403.182
MinimumVisualStudioVersion = 10.0.40219.1
Project("{FAE04EC0-301F-11D3-BF4B-00C04F79EFBC}") = "codeWars", "codeWars.csproj", "{7DBD6D26-B537-4578-A652-64C746F33829}"
EndProject
Project("{FAE04EC0-301F-11D3-BF4B-00C04F79EFBC}") = "CodeWars_Test", "..\CodeWars_Test\CodeWars_Test.csproj", "{F978A0C0-E460-446B-A838-2ED0DD110E9B}"
EndProject
Global
	GlobalSection(SolutionConfigurationPlatforms) = preSolution
		Debug|Any CPU = Debug|Any CPU
		Release|Any CPU = Release|Any CPU
	EndGlobalSection
	GlobalSection(ProjectConfigurationPlatforms) = postSolution
		{7DBD6D26-B537-4578-A652-64C746F33829}.Debug|Any CPU.ActiveCfg = Debug|Any CPU
		{7DBD6D26-B537-4578-A652-64C746F33829}.Debug|Any CPU.Build.0 = Debug|Any CPU
		{7DBD6D26-B537-4578-A652-64C746F33829}.Release|Any CPU.ActiveCfg = Release|Any CPU
		{7DBD6D26-B537-4578-A652-64C746F33829}.Release|Any CPU.Build.0 = Release|Any CPU
		{F978A0C0-E460-446B-A838-2ED0DD110E9B}.Debug|Any CPU.ActiveCfg = Debug|Any CPU
		{F978A0C0-E460-446B-A838-2ED0DD110E9B}.Debug|Any CPU.Build.0 = Debug|Any CPU
		{F978A0C0-E460-446B-A838-2ED0DD110E9B}.Release|Any CPU.ActiveCfg = Release|Any CPU
		{F978A0C0-E460-446B-A838-2ED0DD110E9B}.Release|Any CPU.Build.0 = Release|Any CPU
	EndGlobalSection
	GlobalSection(SolutionProperties) = preSolution
		HideSolutionNode = FALSE
	EndGlobalSection
	GlobalSection(ExtensibilityGlobals) = postSolution
		SolutionGuid = {29C4A90F-1A53-46D2-BCAE-98832A521FF6}
	EndGlobalSection
EndGlobal
